{
  "originHash" : "99f9f3bf2e46ca4a7ebef0323266f07ef627c4c8ecf50f34a7db4ac079535d47",
  "pins" : [
    {
      "identity" : "lottie-spm",
      "kind" : "remoteSourceControl",
      "location" : "https://github.com/airbnb/lottie-spm.git",
      "state" : {
        "revision" : "04f2fd18cc9404a0a0917265a449002674f24ec9",
        "version" : "4.5.2"
      }
    },
    {
      "identity" : "lucide-icons-swift",
      "kind" : "remoteSourceControl",
      "location" : "https://github.com/JakubMazur/lucide-icons-swift.git",
      "state" : {
        "revision" : "cb4887a090a4ee4244e411ebbe5bef81e67d449d",
        "version" : "0.546.0"
      }
    }
  ],
  "version" : 3
}
