{
  "originHash" : "96ab2f40c501bdadeea99efa9dac83a750832d041073e6a0d2c11e227196dab3",
  "pins" : [
    {
      "identity" : "lucide-icons-swift",
      "kind" : "remoteSourceControl",
      "location" : "https://github.com/JakubMazur/lucide-icons-swift.git",
      "state" : {
        "revision" : "cb4887a090a4ee4244e411ebbe5bef81e67d449d",
        "version" : "0.546.0"
      }
    }
  ],
  "version" : 3
}
